// !$*UTF8*$!
{
	archiveVersion = 1;
	classes = {
	};
	objectVersion = 46;
	objects = {

/* Begin PBXBuildFile section */
		300B15231CC39FB0000793FE /* FirstViewController.m in Sources */ = {isa = PBXBuildFile; fileRef = 300B15221CC39FB0000793FE /* FirstViewController.m */; };
		301B43761CC4AE4300516B76 /* SecondTableViewCell.m in Sources */ = {isa = PBXBuildFile; fileRef = 301B43751CC4AE4300516B76 /* SecondTableViewCell.m */; };
		301B43791CC4C59000516B76 /* XingHaoViewController.m in Sources */ = {isa = PBXBuildFile; fileRef = 301B43781CC4C59000516B76 /* XingHaoViewController.m */; };
		302166A41CC49CCD002AB087 /* SecondViewController.m in Sources */ = {isa = PBXBuildFile; fileRef = 302166A31CC49CCD002AB087 /* SecondViewController.m */; };
		304BD80D1CC20F9600385489 /* main.m in Sources */ = {isa = PBXBuildFile; fileRef = 304BD80C1CC20F9600385489 /* main.m */; };
		304BD8101CC20F9600385489 /* AppDelegate.m in Sources */ = {isa = PBXBuildFile; fileRef = 304BD80F1CC20F9600385489 /* AppDelegate.m */; };
		304BD8161CC20F9600385489 /* Main.storyboard in Resources */ = {isa = PBXBuildFile; fileRef = 304BD8141CC20F9600385489 /* Main.storyboard */; };
		304BD8191CC20F9600385489 /* EZCar.xcdatamodeld in Sources */ = {isa = PBXBuildFile; fileRef = 304BD8171CC20F9600385489 /* EZCar.xcdatamodeld */; };
		304BD81B1CC20F9600385489 /* Assets.xcassets in Resources */ = {isa = PBXBuildFile; fileRef = 304BD81A1CC20F9600385489 /* Assets.xcassets */; };
		304BD81E1CC20F9600385489 /* LaunchScreen.storyboard in Resources */ = {isa = PBXBuildFile; fileRef = 304BD81C1CC20F9600385489 /* LaunchScreen.storyboard */; };
		304BD8291CC20F9600385489 /* EZCarTests.m in Sources */ = {isa = PBXBuildFile; fileRef = 304BD8281CC20F9600385489 /* EZCarTests.m */; };
		304BD8341CC20F9600385489 /* EZCarUITests.m in Sources */ = {isa = PBXBuildFile; fileRef = 304BD8331CC20F9600385489 /* EZCarUITests.m */; };
		304BD8461CC221C700385489 /* AudioToolbox.framework in Frameworks */ = {isa = PBXBuildFile; fileRef = 304BD8451CC221C700385489 /* AudioToolbox.framework */; };
		304BD8481CC221D200385489 /* SystemConfiguration.framework in Frameworks */ = {isa = PBXBuildFile; fileRef = 304BD8471CC221D200385489 /* SystemConfiguration.framework */; };
		304BD84A1CC221E700385489 /* libsqlite3.tbd in Frameworks */ = {isa = PBXBuildFile; fileRef = 304BD8491CC221E700385489 /* libsqlite3.tbd */; };
		304BD84C1CC221F400385489 /* Social.framework in Frameworks */ = {isa = PBXBuildFile; fileRef = 304BD84B1CC221F400385489 /* Social.framework */; };
		304BD84E1CC221FC00385489 /* CoreLocation.framework in Frameworks */ = {isa = PBXBuildFile; fileRef = 304BD84D1CC221FC00385489 /* CoreLocation.framework */; };
		304BD8501CC2220500385489 /* StoreKit.framework in Frameworks */ = {isa = PBXBuildFile; fileRef = 304BD84F1CC2220500385489 /* StoreKit.framework */; };
		304BD8521CC2220D00385489 /* Accounts.framework in Frameworks */ = {isa = PBXBuildFile; fileRef = 304BD8511CC2220D00385489 /* Accounts.framework */; };
		304BD8551CC2224D00385489 /* Bolts.framework in Frameworks */ = {isa = PBXBuildFile; fileRef = 304BD8531CC2224D00385489 /* Bolts.framework */; };
		304BD8561CC2224D00385489 /* Parse.framework in Frameworks */ = {isa = PBXBuildFile; fileRef = 304BD8541CC2224D00385489 /* Parse.framework */; };
		304BD85C1CC2236F00385489 /* StorageMgr.m in Sources */ = {isa = PBXBuildFile; fileRef = 304BD8591CC2236F00385489 /* StorageMgr.m */; };
		304BD85D1CC2236F00385489 /* Utilities.m in Sources */ = {isa = PBXBuildFile; fileRef = 304BD85B1CC2236F00385489 /* Utilities.m */; };
		304BD8641CC25E7B00385489 /* TabViewController.m in Sources */ = {isa = PBXBuildFile; fileRef = 304BD8631CC25E7B00385489 /* TabViewController.m */; };
		3080EBD31CC5D0C9007A81F8 /* XingHaoTableViewCell.m in Sources */ = {isa = PBXBuildFile; fileRef = 3080EBD21CC5D0C9007A81F8 /* XingHaoTableViewCell.m */; };
		3080EBD61CC5DA36007A81F8 /* ChineseToPinyin.m in Sources */ = {isa = PBXBuildFile; fileRef = 3080EBD41CC5DA36007A81F8 /* ChineseToPinyin.m */; };
		3080EBD91CC60B69007A81F8 /* KuanShiViewController.m in Sources */ = {isa = PBXBuildFile; fileRef = 3080EBD81CC60B69007A81F8 /* KuanShiViewController.m */; };
		3080EBDC1CC61942007A81F8 /* KuanShiTableViewCell.m in Sources */ = {isa = PBXBuildFile; fileRef = 3080EBDB1CC61942007A81F8 /* KuanShiTableViewCell.m */; };
		3080EBDF1CC62CCB007A81F8 /* CanShuViewController.m in Sources */ = {isa = PBXBuildFile; fileRef = 3080EBDE1CC62CCB007A81F8 /* CanShuViewController.m */; };
		30B230641CDC491B006545B9 /* ShouCangViewController.m in Sources */ = {isa = PBXBuildFile; fileRef = 30B230631CDC491B006545B9 /* ShouCangViewController.m */; };
		30B3E4161CCF4A28002FF124 /* 444.jpg in Resources */ = {isa = PBXBuildFile; fileRef = 30B3E4121CCF4A28002FF124 /* 444.jpg */; };
		30B3E4171CCF4A28002FF124 /* 333.jpg in Resources */ = {isa = PBXBuildFile; fileRef = 30B3E4131CCF4A28002FF124 /* 333.jpg */; };
		30B3E4181CCF4A28002FF124 /* 222.jpg in Resources */ = {isa = PBXBuildFile; fileRef = 30B3E4141CCF4A28002FF124 /* 222.jpg */; };
		30B3E4191CCF4A28002FF124 /* 111.jpg in Resources */ = {isa = PBXBuildFile; fileRef = 30B3E4151CCF4A28002FF124 /* 111.jpg */; };
		30D8463A1CCCB8B700003F37 /* PKViewController.m in Sources */ = {isa = PBXBuildFile; fileRef = 30D846391CCCB8B700003F37 /* PKViewController.m */; };
		30D8463D1CCCB8D000003F37 /* PKTableViewCell.m in Sources */ = {isa = PBXBuildFile; fileRef = 30D8463C1CCCB8D000003F37 /* PKTableViewCell.m */; };
		3F10359B1CCB89180084532C /* XRWaterfallLayout.m in Sources */ = {isa = PBXBuildFile; fileRef = 3F10359A1CCB89180084532C /* XRWaterfallLayout.m */; };
		3F1035A11CCB893A0084532C /* XRCollectionViewCell.m in Sources */ = {isa = PBXBuildFile; fileRef = 3F10359D1CCB893A0084532C /* XRCollectionViewCell.m */; };
		3F1035A21CCB893A0084532C /* XRCollectionViewCell.xib in Resources */ = {isa = PBXBuildFile; fileRef = 3F10359E1CCB893A0084532C /* XRCollectionViewCell.xib */; };
		3F1035A31CCB893A0084532C /* XRImage.m in Sources */ = {isa = PBXBuildFile; fileRef = 3F1035A01CCB893A0084532C /* XRImage.m */; };
		3F1035A51CCB89480084532C /* 1.plist in Resources */ = {isa = PBXBuildFile; fileRef = 3F1035A41CCB89480084532C /* 1.plist */; };
		3F1035A81CCB899C0084532C /* ImageViewController.m in Sources */ = {isa = PBXBuildFile; fileRef = 3F1035A71CCB899C0084532C /* ImageViewController.m */; };
		3F1F02901CCA03C7003C52FE /* ShopXQViewController.m in Sources */ = {isa = PBXBuildFile; fileRef = 3F1F028F1CCA03C7003C52FE /* ShopXQViewController.m */; };
		3F1F02931CCA0E17003C52FE /* ShopXQTableViewCell.m in Sources */ = {isa = PBXBuildFile; fileRef = 3F1F02921CCA0E17003C52FE /* ShopXQTableViewCell.m */; };
		3F44A9021CC37F4200A6A5AB /* LeftViewController.m in Sources */ = {isa = PBXBuildFile; fileRef = 3F44A9011CC37F4200A6A5AB /* LeftViewController.m */; };
		3F7A81D91CC4E0CD00ABA3E1 /* FirstTableViewCell.m in Sources */ = {isa = PBXBuildFile; fileRef = 3F7A81D81CC4E0CD00ABA3E1 /* FirstTableViewCell.m */; };
		3FCC47271CCE09B400A88726 /* ShopCSViewController.m in Sources */ = {isa = PBXBuildFile; fileRef = 3FCC47261CCE09B400A88726 /* ShopCSViewController.m */; };
		3FFFEA1D1CC64F190078655A /* KSGuideManager.m in Sources */ = {isa = PBXBuildFile; fileRef = 3FFFEA1C1CC64F190078655A /* KSGuideManager.m */; };
		3FFFEA231CC64F310078655A /* 1.jpg in Resources */ = {isa = PBXBuildFile; fileRef = 3FFFEA1F1CC64F310078655A /* 1.jpg */; };
		3FFFEA241CC64F310078655A /* 2.jpg in Resources */ = {isa = PBXBuildFile; fileRef = 3FFFEA201CC64F310078655A /* 2.jpg */; };
		3FFFEA251CC64F310078655A /* 3.jpg in Resources */ = {isa = PBXBuildFile; fileRef = 3FFFEA211CC64F310078655A /* 3.jpg */; };
		3FFFEA261CC64F310078655A /* 4.jpg in Resources */ = {isa = PBXBuildFile; fileRef = 3FFFEA221CC64F310078655A /* 4.jpg */; };
		4AA9D874EF33A19F94C329C4 /* libPods.a in Frameworks */ = {isa = PBXBuildFile; fileRef = F361D44665A011FD4EACBC70 /* libPods.a */; };
		A9F967011CC23ABD00A8593A /* SignInViewController.m in Sources */ = {isa = PBXBuildFile; fileRef = A9F967001CC23ABD00A8593A /* SignInViewController.m */; };
		A9F967041CC24FA600A8593A /* SignUpViewController.m in Sources */ = {isa = PBXBuildFile; fileRef = A9F967031CC24FA600A8593A /* SignUpViewController.m */; };
		B2F00E641CCF19ED00F2BA28 /* SouSuoViewController.m in Sources */ = {isa = PBXBuildFile; fileRef = B2F00E631CCF19ED00F2BA28 /* SouSuoViewController.m */; };
		C47AFFD11CCB6423003BB32B /* ReMenViewController.m in Sources */ = {isa = PBXBuildFile; fileRef = C47AFFD01CCB6423003BB32B /* ReMenViewController.m */; };
		C47AFFD41CCB645E003BB32B /* ReMenTableViewCell.m in Sources */ = {isa = PBXBuildFile; fileRef = C47AFFD31CCB645E003BB32B /* ReMenTableViewCell.m */; };
		C47AFFD71CCB7235003BB32B /* ReMenCSViewController.m in Sources */ = {isa = PBXBuildFile; fileRef = C47AFFD61CCB7235003BB32B /* ReMenCSViewController.m */; };
		C4EE70881CCDC3A000819E46 /* PhotoCollectionViewCell.m in Sources */ = {isa = PBXBuildFile; fileRef = C4EE70831CCDC3A000819E46 /* PhotoCollectionViewCell.m */; };
		C4EE70891CCDC3A000819E46 /* PlaceholderTextView.m in Sources */ = {isa = PBXBuildFile; fileRef = C4EE70851CCDC3A000819E46 /* PlaceholderTextView.m */; };
		C4EE708A1CCDC3A000819E46 /* UserFeedBackViewController.m in Sources */ = {isa = PBXBuildFile; fileRef = C4EE70871CCDC3A000819E46 /* UserFeedBackViewController.m */; };
		C4EE708D1CCDC52D00819E46 /* FKViewController.m in Sources */ = {isa = PBXBuildFile; fileRef = C4EE708C1CCDC52D00819E46 /* FKViewController.m */; };
		C4EE70911CCDC75F00819E46 /* 2.4意见反馈_03(1).png in Resources */ = {isa = PBXBuildFile; fileRef = C4EE708E1CCDC75F00819E46 /* 2.4意见反馈_03(1).png */; };
		C4EE70921CCDC75F00819E46 /* AboutUsViewController.m in Sources */ = {isa = PBXBuildFile; fileRef = C4EE70901CCDC75F00819E46 /* AboutUsViewController.m */; };
/* End PBXBuildFile section */

/* Begin PBXContainerItemProxy section */
		304BD8251CC20F9600385489 /* PBXContainerItemProxy */ = {
			isa = PBXContainerItemProxy;
			containerPortal = 304BD8001CC20F9600385489 /* Project object */;
			proxyType = 1;
			remoteGlobalIDString = 304BD8071CC20F9600385489;
			remoteInfo = EZCar;
		};
		304BD8301CC20F9600385489 /* PBXContainerItemProxy */ = {
			isa = PBXContainerItemProxy;
			containerPortal = 304BD8001CC20F9600385489 /* Project object */;
			proxyType = 1;
			remoteGlobalIDString = 304BD8071CC20F9600385489;
			remoteInfo = EZCar;
		};
/* End PBXContainerItemProxy section */

/* Begin PBXFileReference section */
		28129776EE044DFB77950430 /* Pods.debug.xcconfig */ = {isa = PBXFileReference; includeInIndex = 1; lastKnownFileType = text.xcconfig; name = Pods.debug.xcconfig; path = "Pods/Target Support Files/Pods/Pods.debug.xcconfig"; sourceTree = "<group>"; };
		300B15211CC39FB0000793FE /* FirstViewController.h */ = {isa = PBXFileReference; fileEncoding = 4; lastKnownFileType = sourcecode.c.h; path = FirstViewController.h; sourceTree = "<group>"; };
		300B15221CC39FB0000793FE /* FirstViewController.m */ = {isa = PBXFileReference; fileEncoding = 4; lastKnownFileType = sourcecode.c.objc; path = FirstViewController.m; sourceTree = "<group>"; };
		301B43741CC4AE4300516B76 /* SecondTableViewCell.h */ = {isa = PBXFileReference; fileEncoding = 4; lastKnownFileType = sourcecode.c.h; path = SecondTableViewCell.h; sourceTree = "<group>"; };
		301B43751CC4AE4300516B76 /* SecondTableViewCell.m */ = {isa = PBXFileReference; fileEncoding = 4; lastKnownFileType = sourcecode.c.objc; path = SecondTableViewCell.m; sourceTree = "<group>"; };
		301B43771CC4C59000516B76 /* XingHaoViewController.h */ = {isa = PBXFileReference; fileEncoding = 4; lastKnownFileType = sourcecode.c.h; path = XingHaoViewController.h; sourceTree = "<group>"; };
		301B43781CC4C59000516B76 /* XingHaoViewController.m */ = {isa = PBXFileReference; fileEncoding = 4; lastKnownFileType = sourcecode.c.objc; path = XingHaoViewController.m; sourceTree = "<group>"; };
		302166A21CC49CCD002AB087 /* SecondViewController.h */ = {isa = PBXFileReference; fileEncoding = 4; lastKnownFileType = sourcecode.c.h; path = SecondViewController.h; sourceTree = "<group>"; };
		302166A31CC49CCD002AB087 /* SecondViewController.m */ = {isa = PBXFileReference; fileEncoding = 4; lastKnownFileType = sourcecode.c.objc; path = SecondViewController.m; sourceTree = "<group>"; };
		304BD8081CC20F9600385489 /* EZCar.app */ = {isa = PBXFileReference; explicitFileType = wrapper.application; includeInIndex = 0; path = EZCar.app; sourceTree = BUILT_PRODUCTS_DIR; };
		304BD80C1CC20F9600385489 /* main.m */ = {isa = PBXFileReference; lastKnownFileType = sourcecode.c.objc; path = main.m; sourceTree = "<group>"; };
		304BD80E1CC20F9600385489 /* AppDelegate.h */ = {isa = PBXFileReference; lastKnownFileType = sourcecode.c.h; path = AppDelegate.h; sourceTree = "<group>"; };
		304BD80F1CC20F9600385489 /* AppDelegate.m */ = {isa = PBXFileReference; lastKnownFileType = sourcecode.c.objc; path = AppDelegate.m; sourceTree = "<group>"; };
		304BD8151CC20F9600385489 /* Base */ = {isa = PBXFileReference; lastKnownFileType = file.storyboard; name = Base; path = Base.lproj/Main.storyboard; sourceTree = "<group>"; };
		304BD8181CC20F9600385489 /* EZCar.xcdatamodel */ = {isa = PBXFileReference; lastKnownFileType = wrapper.xcdatamodel; path = EZCar.xcdatamodel; sourceTree = "<group>"; };
		304BD81A1CC20F9600385489 /* Assets.xcassets */ = {isa = PBXFileReference; lastKnownFileType = folder.assetcatalog; path = Assets.xcassets; sourceTree = "<group>"; };
		304BD81D1CC20F9600385489 /* Base */ = {isa = PBXFileReference; lastKnownFileType = file.storyboard; name = Base; path = Base.lproj/LaunchScreen.storyboard; sourceTree = "<group>"; };
		304BD81F1CC20F9600385489 /* Info.plist */ = {isa = PBXFileReference; lastKnownFileType = text.plist.xml; path = Info.plist; sourceTree = "<group>"; };
		304BD8241CC20F9600385489 /* EZCarTests.xctest */ = {isa = PBXFileReference; explicitFileType = wrapper.cfbundle; includeInIndex = 0; path = EZCarTests.xctest; sourceTree = BUILT_PRODUCTS_DIR; };
		304BD8281CC20F9600385489 /* EZCarTests.m */ = {isa = PBXFileReference; lastKnownFileType = sourcecode.c.objc; path = EZCarTests.m; sourceTree = "<group>"; };
		304BD82A1CC20F9600385489 /* Info.plist */ = {isa = PBXFileReference; lastKnownFileType = text.plist.xml; path = Info.plist; sourceTree = "<group>"; };
		304BD82F1CC20F9600385489 /* EZCarUITests.xctest */ = {isa = PBXFileReference; explicitFileType = wrapper.cfbundle; includeInIndex = 0; path = EZCarUITests.xctest; sourceTree = BUILT_PRODUCTS_DIR; };
		304BD8331CC20F9600385489 /* EZCarUITests.m */ = {isa = PBXFileReference; lastKnownFileType = sourcecode.c.objc; path = EZCarUITests.m; sourceTree = "<group>"; };
		304BD8351CC20F9600385489 /* Info.plist */ = {isa = PBXFileReference; lastKnownFileType = text.plist.xml; path = Info.plist; sourceTree = "<group>"; };
		304BD8451CC221C700385489 /* AudioToolbox.framework */ = {isa = PBXFileReference; lastKnownFileType = wrapper.framework; name = AudioToolbox.framework; path = System/Library/Frameworks/AudioToolbox.framework; sourceTree = SDKROOT; };
		304BD8471CC221D200385489 /* SystemConfiguration.framework */ = {isa = PBXFileReference; lastKnownFileType = wrapper.framework; name = SystemConfiguration.framework; path = System/Library/Frameworks/SystemConfiguration.framework; sourceTree = SDKROOT; };
		304BD8491CC221E700385489 /* libsqlite3.tbd */ = {isa = PBXFileReference; lastKnownFileType = "sourcecode.text-based-dylib-definition"; name = libsqlite3.tbd; path = usr/lib/libsqlite3.tbd; sourceTree = SDKROOT; };
		304BD84B1CC221F400385489 /* Social.framework */ = {isa = PBXFileReference; lastKnownFileType = wrapper.framework; name = Social.framework; path = System/Library/Frameworks/Social.framework; sourceTree = SDKROOT; };
		304BD84D1CC221FC00385489 /* CoreLocation.framework */ = {isa = PBXFileReference; lastKnownFileType = wrapper.framework; name = CoreLocation.framework; path = System/Library/Frameworks/CoreLocation.framework; sourceTree = SDKROOT; };
		304BD84F1CC2220500385489 /* StoreKit.framework */ = {isa = PBXFileReference; lastKnownFileType = wrapper.framework; name = StoreKit.framework; path = System/Library/Frameworks/StoreKit.framework; sourceTree = SDKROOT; };
		304BD8511CC2220D00385489 /* Accounts.framework */ = {isa = PBXFileReference; lastKnownFileType = wrapper.framework; name = Accounts.framework; path = System/Library/Frameworks/Accounts.framework; sourceTree = SDKROOT; };
		304BD8531CC2224D00385489 /* Bolts.framework */ = {isa = PBXFileReference; lastKnownFileType = wrapper.framework; path = Bolts.framework; sourceTree = "<group>"; };
		304BD8541CC2224D00385489 /* Parse.framework */ = {isa = PBXFileReference; lastKnownFileType = wrapper.framework; path = Parse.framework; sourceTree = "<group>"; };
		304BD8571CC2227D00385489 /* PrefixHeader.pch */ = {isa = PBXFileReference; lastKnownFileType = sourcecode.c.h; path = PrefixHeader.pch; sourceTree = "<group>"; };
		304BD8581CC2236F00385489 /* StorageMgr.h */ = {isa = PBXFileReference; fileEncoding = 4; lastKnownFileType = sourcecode.c.h; name = StorageMgr.h; path = "最新3rd/StorageMgr.h"; sourceTree = SOURCE_ROOT; };
		304BD8591CC2236F00385489 /* StorageMgr.m */ = {isa = PBXFileReference; fileEncoding = 4; lastKnownFileType = sourcecode.c.objc; name = StorageMgr.m; path = "最新3rd/StorageMgr.m"; sourceTree = SOURCE_ROOT; };
		304BD85A1CC2236F00385489 /* Utilities.h */ = {isa = PBXFileReference; fileEncoding = 4; lastKnownFileType = sourcecode.c.h; name = Utilities.h; path = "最新3rd/Utilities.h"; sourceTree = SOURCE_ROOT; };
		304BD85B1CC2236F00385489 /* Utilities.m */ = {isa = PBXFileReference; fileEncoding = 4; lastKnownFileType = sourcecode.c.objc; name = Utilities.m; path = "最新3rd/Utilities.m"; sourceTree = SOURCE_ROOT; };
		304BD8601CC223DF00385489 /* Constants.h */ = {isa = PBXFileReference; lastKnownFileType = sourcecode.c.h; name = Constants.h; path = "最新3rd/Constants.h"; sourceTree = SOURCE_ROOT; };
		304BD8621CC25E7B00385489 /* TabViewController.h */ = {isa = PBXFileReference; fileEncoding = 4; lastKnownFileType = sourcecode.c.h; path = TabViewController.h; sourceTree = "<group>"; };
		304BD8631CC25E7B00385489 /* TabViewController.m */ = {isa = PBXFileReference; fileEncoding = 4; lastKnownFileType = sourcecode.c.objc; path = TabViewController.m; sourceTree = "<group>"; };
		3080EBD11CC5D0C9007A81F8 /* XingHaoTableViewCell.h */ = {isa = PBXFileReference; fileEncoding = 4; lastKnownFileType = sourcecode.c.h; path = XingHaoTableViewCell.h; sourceTree = "<group>"; };
		3080EBD21CC5D0C9007A81F8 /* XingHaoTableViewCell.m */ = {isa = PBXFileReference; fileEncoding = 4; lastKnownFileType = sourcecode.c.objc; path = XingHaoTableViewCell.m; sourceTree = "<group>"; };
		3080EBD41CC5DA36007A81F8 /* ChineseToPinyin.m */ = {isa = PBXFileReference; fileEncoding = 4; lastKnownFileType = sourcecode.c.objc; path = ChineseToPinyin.m; sourceTree = "<group>"; };
		3080EBD51CC5DA36007A81F8 /* ChineseToPinyin.h */ = {isa = PBXFileReference; fileEncoding = 4; lastKnownFileType = sourcecode.c.h; path = ChineseToPinyin.h; sourceTree = "<group>"; };
		3080EBD71CC60B69007A81F8 /* KuanShiViewController.h */ = {isa = PBXFileReference; fileEncoding = 4; lastKnownFileType = sourcecode.c.h; path = KuanShiViewController.h; sourceTree = "<group>"; };
		3080EBD81CC60B69007A81F8 /* KuanShiViewController.m */ = {isa = PBXFileReference; fileEncoding = 4; lastKnownFileType = sourcecode.c.objc; path = KuanShiViewController.m; sourceTree = "<group>"; };
		3080EBDA1CC61942007A81F8 /* KuanShiTableViewCell.h */ = {isa = PBXFileReference; fileEncoding = 4; lastKnownFileType = sourcecode.c.h; path = KuanShiTableViewCell.h; sourceTree = "<group>"; };
		3080EBDB1CC61942007A81F8 /* KuanShiTableViewCell.m */ = {isa = PBXFileReference; fileEncoding = 4; lastKnownFileType = sourcecode.c.objc; path = KuanShiTableViewCell.m; sourceTree = "<group>"; };
		3080EBDD1CC62CCB007A81F8 /* CanShuViewController.h */ = {isa = PBXFileReference; fileEncoding = 4; lastKnownFileType = sourcecode.c.h; path = CanShuViewController.h; sourceTree = "<group>"; };
		3080EBDE1CC62CCB007A81F8 /* CanShuViewController.m */ = {isa = PBXFileReference; fileEncoding = 4; lastKnownFileType = sourcecode.c.objc; path = CanShuViewController.m; sourceTree = "<group>"; };
		30B230621CDC491B006545B9 /* ShouCangViewController.h */ = {isa = PBXFileReference; fileEncoding = 4; lastKnownFileType = sourcecode.c.h; path = ShouCangViewController.h; sourceTree = "<group>"; };
		30B230631CDC491B006545B9 /* ShouCangViewController.m */ = {isa = PBXFileReference; fileEncoding = 4; lastKnownFileType = sourcecode.c.objc; path = ShouCangViewController.m; sourceTree = "<group>"; };
		30B3E4121CCF4A28002FF124 /* 444.jpg */ = {isa = PBXFileReference; lastKnownFileType = image.jpeg; path = 444.jpg; sourceTree = "<group>"; };
		30B3E4131CCF4A28002FF124 /* 333.jpg */ = {isa = PBXFileReference; lastKnownFileType = image.jpeg; path = 333.jpg; sourceTree = "<group>"; };
		30B3E4141CCF4A28002FF124 /* 222.jpg */ = {isa = PBXFileReference; lastKnownFileType = image.jpeg; path = 222.jpg; sourceTree = "<group>"; };
		30B3E4151CCF4A28002FF124 /* 111.jpg */ = {isa = PBXFileReference; lastKnownFileType = image.jpeg; path = 111.jpg; sourceTree = "<group>"; };
		30D846381CCCB8B700003F37 /* PKViewController.h */ = {isa = PBXFileReference; fileEncoding = 4; lastKnownFileType = sourcecode.c.h; path = PKViewController.h; sourceTree = "<group>"; };
		30D846391CCCB8B700003F37 /* PKViewController.m */ = {isa = PBXFileReference; fileEncoding = 4; lastKnownFileType = sourcecode.c.objc; path = PKViewController.m; sourceTree = "<group>"; };
		30D8463B1CCCB8D000003F37 /* PKTableViewCell.h */ = {isa = PBXFileReference; fileEncoding = 4; lastKnownFileType = sourcecode.c.h; path = PKTableViewCell.h; sourceTree = "<group>"; };
		30D8463C1CCCB8D000003F37 /* PKTableViewCell.m */ = {isa = PBXFileReference; fileEncoding = 4; lastKnownFileType = sourcecode.c.objc; path = PKTableViewCell.m; sourceTree = "<group>"; };
		324CB3A1FA6F567D67D536EF /* Pods.release.xcconfig */ = {isa = PBXFileReference; includeInIndex = 1; lastKnownFileType = text.xcconfig; name = Pods.release.xcconfig; path = "Pods/Target Support Files/Pods/Pods.release.xcconfig"; sourceTree = "<group>"; };
		3F1035991CCB89180084532C /* XRWaterfallLayout.h */ = {isa = PBXFileReference; fileEncoding = 4; lastKnownFileType = sourcecode.c.h; path = XRWaterfallLayout.h; sourceTree = "<group>"; };
		3F10359A1CCB89180084532C /* XRWaterfallLayout.m */ = {isa = PBXFileReference; fileEncoding = 4; lastKnownFileType = sourcecode.c.objc; path = XRWaterfallLayout.m; sourceTree = "<group>"; };
		3F10359C1CCB893A0084532C /* XRCollectionViewCell.h */ = {isa = PBXFileReference; fileEncoding = 4; lastKnownFileType = sourcecode.c.h; path = XRCollectionViewCell.h; sourceTree = "<group>"; };
		3F10359D1CCB893A0084532C /* XRCollectionViewCell.m */ = {isa = PBXFileReference; fileEncoding = 4; lastKnownFileType = sourcecode.c.objc; path = XRCollectionViewCell.m; sourceTree = "<group>"; };
		3F10359E1CCB893A0084532C /* XRCollectionViewCell.xib */ = {isa = PBXFileReference; fileEncoding = 4; lastKnownFileType = file.xib; path = XRCollectionViewCell.xib; sourceTree = "<group>"; };
		3F10359F1CCB893A0084532C /* XRImage.h */ = {isa = PBXFileReference; fileEncoding = 4; lastKnownFileType = sourcecode.c.h; path = XRImage.h; sourceTree = "<group>"; };
		3F1035A01CCB893A0084532C /* XRImage.m */ = {isa = PBXFileReference; fileEncoding = 4; lastKnownFileType = sourcecode.c.objc; path = XRImage.m; sourceTree = "<group>"; };
		3F1035A41CCB89480084532C /* 1.plist */ = {isa = PBXFileReference; fileEncoding = 4; lastKnownFileType = text.plist.xml; path = 1.plist; sourceTree = "<group>"; };
		3F1035A61CCB899C0084532C /* ImageViewController.h */ = {isa = PBXFileReference; fileEncoding = 4; lastKnownFileType = sourcecode.c.h; path = ImageViewController.h; sourceTree = "<group>"; };
		3F1035A71CCB899C0084532C /* ImageViewController.m */ = {isa = PBXFileReference; fileEncoding = 4; lastKnownFileType = sourcecode.c.objc; path = ImageViewController.m; sourceTree = "<group>"; };
		3F1F028E1CCA03C7003C52FE /* ShopXQViewController.h */ = {isa = PBXFileReference; fileEncoding = 4; lastKnownFileType = sourcecode.c.h; path = ShopXQViewController.h; sourceTree = "<group>"; };
		3F1F028F1CCA03C7003C52FE /* ShopXQViewController.m */ = {isa = PBXFileReference; fileEncoding = 4; lastKnownFileType = sourcecode.c.objc; path = ShopXQViewController.m; sourceTree = "<group>"; };
		3F1F02911CCA0E17003C52FE /* ShopXQTableViewCell.h */ = {isa = PBXFileReference; fileEncoding = 4; lastKnownFileType = sourcecode.c.h; path = ShopXQTableViewCell.h; sourceTree = "<group>"; };
		3F1F02921CCA0E17003C52FE /* ShopXQTableViewCell.m */ = {isa = PBXFileReference; fileEncoding = 4; lastKnownFileType = sourcecode.c.objc; path = ShopXQTableViewCell.m; sourceTree = "<group>"; };
		3F44A9001CC37F4200A6A5AB /* LeftViewController.h */ = {isa = PBXFileReference; fileEncoding = 4; lastKnownFileType = sourcecode.c.h; path = LeftViewController.h; sourceTree = "<group>"; };
		3F44A9011CC37F4200A6A5AB /* LeftViewController.m */ = {isa = PBXFileReference; fileEncoding = 4; lastKnownFileType = sourcecode.c.objc; path = LeftViewController.m; sourceTree = "<group>"; };
		3F7A81D71CC4E0CD00ABA3E1 /* FirstTableViewCell.h */ = {isa = PBXFileReference; fileEncoding = 4; lastKnownFileType = sourcecode.c.h; path = FirstTableViewCell.h; sourceTree = "<group>"; };
		3F7A81D81CC4E0CD00ABA3E1 /* FirstTableViewCell.m */ = {isa = PBXFileReference; fileEncoding = 4; lastKnownFileType = sourcecode.c.objc; path = FirstTableViewCell.m; sourceTree = "<group>"; };
		3FCC47251CCE09B400A88726 /* ShopCSViewController.h */ = {isa = PBXFileReference; fileEncoding = 4; lastKnownFileType = sourcecode.c.h; path = ShopCSViewController.h; sourceTree = "<group>"; };
		3FCC47261CCE09B400A88726 /* ShopCSViewController.m */ = {isa = PBXFileReference; fileEncoding = 4; lastKnownFileType = sourcecode.c.objc; path = ShopCSViewController.m; sourceTree = "<group>"; };
		3FFFEA1B1CC64F190078655A /* KSGuideManager.h */ = {isa = PBXFileReference; fileEncoding = 4; lastKnownFileType = sourcecode.c.h; path = KSGuideManager.h; sourceTree = "<group>"; };
		3FFFEA1C1CC64F190078655A /* KSGuideManager.m */ = {isa = PBXFileReference; fileEncoding = 4; lastKnownFileType = sourcecode.c.objc; path = KSGuideManager.m; sourceTree = "<group>"; };
		3FFFEA1F1CC64F310078655A /* 1.jpg */ = {isa = PBXFileReference; lastKnownFileType = image.jpeg; path = 1.jpg; sourceTree = "<group>"; };
		3FFFEA201CC64F310078655A /* 2.jpg */ = {isa = PBXFileReference; lastKnownFileType = image.jpeg; path = 2.jpg; sourceTree = "<group>"; };
		3FFFEA211CC64F310078655A /* 3.jpg */ = {isa = PBXFileReference; lastKnownFileType = image.jpeg; path = 3.jpg; sourceTree = "<group>"; };
		3FFFEA221CC64F310078655A /* 4.jpg */ = {isa = PBXFileReference; lastKnownFileType = image.jpeg; path = 4.jpg; sourceTree = "<group>"; };
		A9F966FF1CC23ABD00A8593A /* SignInViewController.h */ = {isa = PBXFileReference; fileEncoding = 4; lastKnownFileType = sourcecode.c.h; path = SignInViewController.h; sourceTree = "<group>"; };
		A9F967001CC23ABD00A8593A /* SignInViewController.m */ = {isa = PBXFileReference; fileEncoding = 4; lastKnownFileType = sourcecode.c.objc; path = SignInViewController.m; sourceTree = "<group>"; };
		A9F967021CC24FA600A8593A /* SignUpViewController.h */ = {isa = PBXFileReference; fileEncoding = 4; lastKnownFileType = sourcecode.c.h; path = SignUpViewController.h; sourceTree = "<group>"; };
		A9F967031CC24FA600A8593A /* SignUpViewController.m */ = {isa = PBXFileReference; fileEncoding = 4; lastKnownFileType = sourcecode.c.objc; path = SignUpViewController.m; sourceTree = "<group>"; };
		B2F00E621CCF19ED00F2BA28 /* SouSuoViewController.h */ = {isa = PBXFileReference; fileEncoding = 4; lastKnownFileType = sourcecode.c.h; path = SouSuoViewController.h; sourceTree = "<group>"; };
		B2F00E631CCF19ED00F2BA28 /* SouSuoViewController.m */ = {isa = PBXFileReference; fileEncoding = 4; lastKnownFileType = sourcecode.c.objc; path = SouSuoViewController.m; sourceTree = "<group>"; };
		C47AFFCF1CCB6423003BB32B /* ReMenViewController.h */ = {isa = PBXFileReference; fileEncoding = 4; lastKnownFileType = sourcecode.c.h; path = ReMenViewController.h; sourceTree = "<group>"; };
		C47AFFD01CCB6423003BB32B /* ReMenViewController.m */ = {isa = PBXFileReference; fileEncoding = 4; lastKnownFileType = sourcecode.c.objc; path = ReMenViewController.m; sourceTree = "<group>"; };
		C47AFFD21CCB645E003BB32B /* ReMenTableViewCell.h */ = {isa = PBXFileReference; fileEncoding = 4; lastKnownFileType = sourcecode.c.h; path = ReMenTableViewCell.h; sourceTree = "<group>"; };
		C47AFFD31CCB645E003BB32B /* ReMenTableViewCell.m */ = {isa = PBXFileReference; fileEncoding = 4; lastKnownFileType = sourcecode.c.objc; path = ReMenTableViewCell.m; sourceTree = "<group>"; };
		C47AFFD51CCB7235003BB32B /* ReMenCSViewController.h */ = {isa = PBXFileReference; fileEncoding = 4; lastKnownFileType = sourcecode.c.h; path = ReMenCSViewController.h; sourceTree = "<group>"; };
		C47AFFD61CCB7235003BB32B /* ReMenCSViewController.m */ = {isa = PBXFileReference; fileEncoding = 4; lastKnownFileType = sourcecode.c.objc; path = ReMenCSViewController.m; sourceTree = "<group>"; };
		C4EE70821CCDC3A000819E46 /* PhotoCollectionViewCell.h */ = {isa = PBXFileReference; fileEncoding = 4; lastKnownFileType = sourcecode.c.h; path = PhotoCollectionViewCell.h; sourceTree = "<group>"; };
		C4EE70831CCDC3A000819E46 /* PhotoCollectionViewCell.m */ = {isa = PBXFileReference; fileEncoding = 4; lastKnownFileType = sourcecode.c.objc; path = PhotoCollectionViewCell.m; sourceTree = "<group>"; };
		C4EE70841CCDC3A000819E46 /* PlaceholderTextView.h */ = {isa = PBXFileReference; fileEncoding = 4; lastKnownFileType = sourcecode.c.h; path = PlaceholderTextView.h; sourceTree = "<group>"; };
		C4EE70851CCDC3A000819E46 /* PlaceholderTextView.m */ = {isa = PBXFileReference; fileEncoding = 4; lastKnownFileType = sourcecode.c.objc; path = PlaceholderTextView.m; sourceTree = "<group>"; };
		C4EE70861CCDC3A000819E46 /* UserFeedBackViewController.h */ = {isa = PBXFileReference; fileEncoding = 4; lastKnownFileType = sourcecode.c.h; path = UserFeedBackViewController.h; sourceTree = "<group>"; };
		C4EE70871CCDC3A000819E46 /* UserFeedBackViewController.m */ = {isa = PBXFileReference; fileEncoding = 4; lastKnownFileType = sourcecode.c.objc; path = UserFeedBackViewController.m; sourceTree = "<group>"; };
		C4EE708B1CCDC52D00819E46 /* FKViewController.h */ = {isa = PBXFileReference; fileEncoding = 4; lastKnownFileType = sourcecode.c.h; path = FKViewController.h; sourceTree = "<group>"; };
		C4EE708C1CCDC52D00819E46 /* FKViewController.m */ = {isa = PBXFileReference; fileEncoding = 4; lastKnownFileType = sourcecode.c.objc; path = FKViewController.m; sourceTree = "<group>"; };
		C4EE708E1CCDC75F00819E46 /* 2.4意见反馈_03(1).png */ = {isa = PBXFileReference; lastKnownFileType = image.png; path = "2.4意见反馈_03(1).png"; sourceTree = "<group>"; };
		C4EE708F1CCDC75F00819E46 /* AboutUsViewController.h */ = {isa = PBXFileReference; fileEncoding = 4; lastKnownFileType = sourcecode.c.h; path = AboutUsViewController.h; sourceTree = "<group>"; };
		C4EE70901CCDC75F00819E46 /* AboutUsViewController.m */ = {isa = PBXFileReference; fileEncoding = 4; lastKnownFileType = sourcecode.c.objc; path = AboutUsViewController.m; sourceTree = "<group>"; };
		F361D44665A011FD4EACBC70 /* libPods.a */ = {isa = PBXFileReference; explicitFileType = archive.ar; includeInIndex = 0; path = libPods.a; sourceTree = BUILT_PRODUCTS_DIR; };
/* End PBXFileReference section */

/* Begin PBXFrameworksBuildPhase section */
		304BD8051CC20F9600385489 /* Frameworks */ = {
			isa = PBXFrameworksBuildPhase;
			buildActionMask = 2147483647;
			files = (
				304BD8551CC2224D00385489 /* Bolts.framework in Frameworks */,
				304BD8561CC2224D00385489 /* Parse.framework in Frameworks */,
				304BD8521CC2220D00385489 /* Accounts.framework in Frameworks */,
				304BD8501CC2220500385489 /* StoreKit.framework in Frameworks */,
				304BD84E1CC221FC00385489 /* CoreLocation.framework in Frameworks */,
				304BD84C1CC221F400385489 /* Social.framework in Frameworks */,
				304BD84A1CC221E700385489 /* libsqlite3.tbd in Frameworks */,
				304BD8481CC221D200385489 /* SystemConfiguration.framework in Frameworks */,
				304BD8461CC221C700385489 /* AudioToolbox.framework in Frameworks */,
				4AA9D874EF33A19F94C329C4 /* libPods.a in Frameworks */,
			);
			runOnlyForDeploymentPostprocessing = 0;
		};
		304BD8211CC20F9600385489 /* Frameworks */ = {
			isa = PBXFrameworksBuildPhase;
			buildActionMask = 2147483647;
			files = (
			);
			runOnlyForDeploymentPostprocessing = 0;
		};
		304BD82C1CC20F9600385489 /* Frameworks */ = {
			isa = PBXFrameworksBuildPhase;
			buildActionMask = 2147483647;
			files = (
			);
			runOnlyForDeploymentPostprocessing = 0;
		};
/* End PBXFrameworksBuildPhase section */

/* Begin PBXGroup section */
		304BD7FF1CC20F9600385489 = {
			isa = PBXGroup;
			children = (
				304BD80A1CC20F9600385489 /* EZCar */,
				304BD8271CC20F9600385489 /* EZCarTests */,
				304BD8321CC20F9600385489 /* EZCarUITests */,
				304BD8091CC20F9600385489 /* Products */,
				CC7F3F720CAFBCA0DF78BC5F /* Pods */,
				AD4DBC324B9C1ED7581284F2 /* Frameworks */,
			);
			sourceTree = "<group>";
		};
		304BD8091CC20F9600385489 /* Products */ = {
			isa = PBXGroup;
			children = (
				304BD8081CC20F9600385489 /* EZCar.app */,
				304BD8241CC20F9600385489 /* EZCarTests.xctest */,
				304BD82F1CC20F9600385489 /* EZCarUITests.xctest */,
			);
			name = Products;
			sourceTree = "<group>";
		};
		304BD80A1CC20F9600385489 /* EZCar */ = {
			isa = PBXGroup;
			children = (
				C4EE70811CCDC37100819E46 /* 意见反馈 */,
				304BD8611CC223F400385489 /* 3rd */,
				304BD85F1CC223C700385489 /* Constant */,
				304BD8441CC2211F00385489 /* Utility */,
				304BD8431CC2210A00385489 /* Controller */,
				304BD8421CC220FC00385489 /* View */,
				304BD8411CC2209F00385489 /* Model */,
				304BD80B1CC20F9600385489 /* Supporting Files */,
			);
			path = EZCar;
			sourceTree = "<group>";
		};
		304BD80B1CC20F9600385489 /* Supporting Files */ = {
			isa = PBXGroup;
			children = (
				304BD80C1CC20F9600385489 /* main.m */,
				304BD80E1CC20F9600385489 /* AppDelegate.h */,
				304BD80F1CC20F9600385489 /* AppDelegate.m */,
				304BD81F1CC20F9600385489 /* Info.plist */,
				304BD8171CC20F9600385489 /* EZCar.xcdatamodeld */,
				304BD8571CC2227D00385489 /* PrefixHeader.pch */,
				3F1035A41CCB89480084532C /* 1.plist */,
			);
			name = "Supporting Files";
			sourceTree = "<group>";
		};
		304BD8271CC20F9600385489 /* EZCarTests */ = {
			isa = PBXGroup;
			children = (
				304BD8281CC20F9600385489 /* EZCarTests.m */,
				304BD82A1CC20F9600385489 /* Info.plist */,
			);
			path = EZCarTests;
			sourceTree = "<group>";
		};
		304BD8321CC20F9600385489 /* EZCarUITests */ = {
			isa = PBXGroup;
			children = (
				304BD8331CC20F9600385489 /* EZCarUITests.m */,
				304BD8351CC20F9600385489 /* Info.plist */,
			);
			path = EZCarUITests;
			sourceTree = "<group>";
		};
		304BD8411CC2209F00385489 /* Model */ = {
			isa = PBXGroup;
			children = (
			);
			name = Model;
			sourceTree = "<group>";
		};
		304BD8421CC220FC00385489 /* View */ = {
			isa = PBXGroup;
			children = (
				3F10359E1CCB893A0084532C /* XRCollectionViewCell.xib */,
				304BD8141CC20F9600385489 /* Main.storyboard */,
				304BD81A1CC20F9600385489 /* Assets.xcassets */,
				304BD81C1CC20F9600385489 /* LaunchScreen.storyboard */,
			);
			name = View;
			sourceTree = "<group>";
		};
		304BD8431CC2210A00385489 /* Controller */ = {
			isa = PBXGroup;
			children = (
				3F7A81D71CC4E0CD00ABA3E1 /* FirstTableViewCell.h */,
				3F7A81D81CC4E0CD00ABA3E1 /* FirstTableViewCell.m */,
				3F1F02911CCA0E17003C52FE /* ShopXQTableViewCell.h */,
				3F1F02921CCA0E17003C52FE /* ShopXQTableViewCell.m */,
				A9F966FF1CC23ABD00A8593A /* SignInViewController.h */,
				A9F967001CC23ABD00A8593A /* SignInViewController.m */,
				A9F967021CC24FA600A8593A /* SignUpViewController.h */,
				A9F967031CC24FA600A8593A /* SignUpViewController.m */,
				3FCC47251CCE09B400A88726 /* ShopCSViewController.h */,
				3FCC47261CCE09B400A88726 /* ShopCSViewController.m */,
				304BD8621CC25E7B00385489 /* TabViewController.h */,
				304BD8631CC25E7B00385489 /* TabViewController.m */,
				300B15211CC39FB0000793FE /* FirstViewController.h */,
				300B15221CC39FB0000793FE /* FirstViewController.m */,
				3F44A9001CC37F4200A6A5AB /* LeftViewController.h */,
				3F44A9011CC37F4200A6A5AB /* LeftViewController.m */,
				3F1035A61CCB899C0084532C /* ImageViewController.h */,
				3F1035A71CCB899C0084532C /* ImageViewController.m */,
				C47AFFD21CCB645E003BB32B /* ReMenTableViewCell.h */,
				C47AFFD31CCB645E003BB32B /* ReMenTableViewCell.m */,
				C47AFFCF1CCB6423003BB32B /* ReMenViewController.h */,
				C47AFFD01CCB6423003BB32B /* ReMenViewController.m */,
				C47AFFD51CCB7235003BB32B /* ReMenCSViewController.h */,
				C47AFFD61CCB7235003BB32B /* ReMenCSViewController.m */,
				301B43741CC4AE4300516B76 /* SecondTableViewCell.h */,
				301B43751CC4AE4300516B76 /* SecondTableViewCell.m */,
				3F1F028E1CCA03C7003C52FE /* ShopXQViewController.h */,
				3F1F028F1CCA03C7003C52FE /* ShopXQViewController.m */,
				3080EBD11CC5D0C9007A81F8 /* XingHaoTableViewCell.h */,
				3080EBD21CC5D0C9007A81F8 /* XingHaoTableViewCell.m */,
				3080EBDA1CC61942007A81F8 /* KuanShiTableViewCell.h */,
				3080EBDB1CC61942007A81F8 /* KuanShiTableViewCell.m */,
				302166A21CC49CCD002AB087 /* SecondViewController.h */,
				302166A31CC49CCD002AB087 /* SecondViewController.m */,
				301B43771CC4C59000516B76 /* XingHaoViewController.h */,
				301B43781CC4C59000516B76 /* XingHaoViewController.m */,
				3080EBD71CC60B69007A81F8 /* KuanShiViewController.h */,
				3080EBD81CC60B69007A81F8 /* KuanShiViewController.m */,
				3080EBDD1CC62CCB007A81F8 /* CanShuViewController.h */,
				3080EBDE1CC62CCB007A81F8 /* CanShuViewController.m */,
				30D8463B1CCCB8D000003F37 /* PKTableViewCell.h */,
				30D8463C1CCCB8D000003F37 /* PKTableViewCell.m */,
				30D846381CCCB8B700003F37 /* PKViewController.h */,
				30D846391CCCB8B700003F37 /* PKViewController.m */,
				C4EE708B1CCDC52D00819E46 /* FKViewController.h */,
				C4EE708C1CCDC52D00819E46 /* FKViewController.m */,
				B2F00E621CCF19ED00F2BA28 /* SouSuoViewController.h */,
				B2F00E631CCF19ED00F2BA28 /* SouSuoViewController.m */,
				30B230621CDC491B006545B9 /* ShouCangViewController.h */,
				30B230631CDC491B006545B9 /* ShouCangViewController.m */,
			);
			name = Controller;
			sourceTree = "<group>";
		};
		304BD8441CC2211F00385489 /* Utility */ = {
			isa = PBXGroup;
			children = (
				304BD8581CC2236F00385489 /* StorageMgr.h */,
				304BD8591CC2236F00385489 /* StorageMgr.m */,
				304BD85A1CC2236F00385489 /* Utilities.h */,
				304BD85B1CC2236F00385489 /* Utilities.m */,
				3080EBD51CC5DA36007A81F8 /* ChineseToPinyin.h */,
				3080EBD41CC5DA36007A81F8 /* ChineseToPinyin.m */,
			);
			name = Utility;
			sourceTree = "<group>";
		};
		304BD85F1CC223C700385489 /* Constant */ = {
			isa = PBXGroup;
			children = (
				304BD8601CC223DF00385489 /* Constants.h */,
			);
			name = Constant;
			sourceTree = "<group>";
		};
		304BD8611CC223F400385489 /* 3rd */ = {
			isa = PBXGroup;
			children = (
				3FFFEA1E1CC64F1C0078655A /* image */,
				3FFFEA1B1CC64F190078655A /* KSGuideManager.h */,
				3FFFEA1C1CC64F190078655A /* KSGuideManager.m */,
				3F1035991CCB89180084532C /* XRWaterfallLayout.h */,
				3F10359A1CCB89180084532C /* XRWaterfallLayout.m */,
				3F10359C1CCB893A0084532C /* XRCollectionViewCell.h */,
				3F10359D1CCB893A0084532C /* XRCollectionViewCell.m */,
				3F10359F1CCB893A0084532C /* XRImage.h */,
				3F1035A01CCB893A0084532C /* XRImage.m */,
			);
			name = 3rd;
			sourceTree = "<group>";
		};
		3FFFEA1E1CC64F1C0078655A /* image */ = {
			isa = PBXGroup;
			children = (
				3FFFEA1F1CC64F310078655A /* 1.jpg */,
				3FFFEA221CC64F310078655A /* 4.jpg */,
				3FFFEA201CC64F310078655A /* 2.jpg */,
				3FFFEA211CC64F310078655A /* 3.jpg */,
				30B3E4121CCF4A28002FF124 /* 444.jpg */,
				30B3E4131CCF4A28002FF124 /* 333.jpg */,
				30B3E4141CCF4A28002FF124 /* 222.jpg */,
				30B3E4151CCF4A28002FF124 /* 111.jpg */,
			);
			name = image;
			sourceTree = "<group>";
		};
		AD4DBC324B9C1ED7581284F2 /* Frameworks */ = {
			isa = PBXGroup;
			children = (
				304BD8531CC2224D00385489 /* Bolts.framework */,
				304BD8541CC2224D00385489 /* Parse.framework */,
				304BD8511CC2220D00385489 /* Accounts.framework */,
				304BD84F1CC2220500385489 /* StoreKit.framework */,
				304BD84D1CC221FC00385489 /* CoreLocation.framework */,
				304BD84B1CC221F400385489 /* Social.framework */,
				304BD8491CC221E700385489 /* libsqlite3.tbd */,
				304BD8471CC221D200385489 /* SystemConfiguration.framework */,
				304BD8451CC221C700385489 /* AudioToolbox.framework */,
				F361D44665A011FD4EACBC70 /* libPods.a */,
			);
			name = Frameworks;
			sourceTree = "<group>";
		};
		C4EE70811CCDC37100819E46 /* 意见反馈 */ = {
			isa = PBXGroup;
			children = (
				C4EE70821CCDC3A000819E46 /* PhotoCollectionViewCell.h */,
				C4EE70831CCDC3A000819E46 /* PhotoCollectionViewCell.m */,
				C4EE70841CCDC3A000819E46 /* PlaceholderTextView.h */,
				C4EE70851CCDC3A000819E46 /* PlaceholderTextView.m */,
				C4EE70861CCDC3A000819E46 /* UserFeedBackViewController.h */,
				C4EE70871CCDC3A000819E46 /* UserFeedBackViewController.m */,
				C4EE708E1CCDC75F00819E46 /* 2.4意见反馈_03(1).png */,
				C4EE708F1CCDC75F00819E46 /* AboutUsViewController.h */,
				C4EE70901CCDC75F00819E46 /* AboutUsViewController.m */,
			);
			name = "意见反馈";
			sourceTree = "<group>";
		};
		CC7F3F720CAFBCA0DF78BC5F /* Pods */ = {
			isa = PBXGroup;
			children = (
				28129776EE044DFB77950430 /* Pods.debug.xcconfig */,
				324CB3A1FA6F567D67D536EF /* Pods.release.xcconfig */,
			);
			name = Pods;
			sourceTree = "<group>";
		};
/* End PBXGroup section */

/* Begin PBXNativeTarget section */
		304BD8071CC20F9600385489 /* EZCar */ = {
			isa = PBXNativeTarget;
			buildConfigurationList = 304BD8381CC20F9600385489 /* Build configuration list for PBXNativeTarget "EZCar" */;
			buildPhases = (
				3B145737D5477C95F533BEDE /* Check Pods Manifest.lock */,
				304BD8041CC20F9600385489 /* Sources */,
				304BD8051CC20F9600385489 /* Frameworks */,
				304BD8061CC20F9600385489 /* Resources */,
				E45C6A6483BC8486FDC94160 /* Embed Pods Frameworks */,
				FB8D025167471F5C7A69D132 /* Copy Pods Resources */,
			);
			buildRules = (
			);
			dependencies = (
			);
			name = EZCar;
			productName = EZCar;
			productReference = 304BD8081CC20F9600385489 /* EZCar.app */;
			productType = "com.apple.product-type.application";
		};
		304BD8231CC20F9600385489 /* EZCarTests */ = {
			isa = PBXNativeTarget;
			buildConfigurationList = 304BD83B1CC20F9600385489 /* Build configuration list for PBXNativeTarget "EZCarTests" */;
			buildPhases = (
				304BD8201CC20F9600385489 /* Sources */,
				304BD8211CC20F9600385489 /* Frameworks */,
				304BD8221CC20F9600385489 /* Resources */,
			);
			buildRules = (
			);
			dependencies = (
				304BD8261CC20F9600385489 /* PBXTargetDependency */,
			);
			name = EZCarTests;
			productName = EZCarTests;
			productReference = 304BD8241CC20F9600385489 /* EZCarTests.xctest */;
			productType = "com.apple.product-type.bundle.unit-test";
		};
		304BD82E1CC20F9600385489 /* EZCarUITests */ = {
			isa = PBXNativeTarget;
			buildConfigurationList = 304BD83E1CC20F9600385489 /* Build configuration list for PBXNativeTarget "EZCarUITests" */;
			buildPhases = (
				304BD82B1CC20F9600385489 /* Sources */,
				304BD82C1CC20F9600385489 /* Frameworks */,
				304BD82D1CC20F9600385489 /* Resources */,
			);
			buildRules = (
			);
			dependencies = (
				304BD8311CC20F9600385489 /* PBXTargetDependency */,
			);
			name = EZCarUITests;
			productName = EZCarUITests;
			productReference = 304BD82F1CC20F9600385489 /* EZCarUITests.xctest */;
			productType = "com.apple.product-type.bundle.ui-testing";
		};
/* End PBXNativeTarget section */

/* Begin PBXProject section */
		304BD8001CC20F9600385489 /* Project object */ = {
			isa = PBXProject;
			attributes = {
				LastUpgradeCheck = 0720;
				ORGANIZATIONNAME = EZone;
				TargetAttributes = {
					304BD8071CC20F9600385489 = {
						CreatedOnToolsVersion = 7.2.1;
					};
					304BD8231CC20F9600385489 = {
						CreatedOnToolsVersion = 7.2.1;
						TestTargetID = 304BD8071CC20F9600385489;
					};
					304BD82E1CC20F9600385489 = {
						CreatedOnToolsVersion = 7.2.1;
						TestTargetID = 304BD8071CC20F9600385489;
					};
				};
			};
			buildConfigurationList = 304BD8031CC20F9600385489 /* Build configuration list for PBXProject "EZCar" */;
			compatibilityVersion = "Xcode 3.2";
			developmentRegion = English;
			hasScannedForEncodings = 0;
			knownRegions = (
				en,
				Base,
			);
			mainGroup = 304BD7FF1CC20F9600385489;
			productRefGroup = 304BD8091CC20F9600385489 /* Products */;
			projectDirPath = "";
			projectRoot = "";
			targets = (
				304BD8071CC20F9600385489 /* EZCar */,
				304BD8231CC20F9600385489 /* EZCarTests */,
				304BD82E1CC20F9600385489 /* EZCarUITests */,
			);
		};
/* End PBXProject section */

/* Begin PBXResourcesBuildPhase section */
		304BD8061CC20F9600385489 /* Resources */ = {
			isa = PBXResourcesBuildPhase;
			buildActionMask = 2147483647;
			files = (
				30B3E4161CCF4A28002FF124 /* 444.jpg in Resources */,
				30B3E4191CCF4A28002FF124 /* 111.jpg in Resources */,
				30B3E4181CCF4A28002FF124 /* 222.jpg in Resources */,
				304BD81E1CC20F9600385489 /* LaunchScreen.storyboard in Resources */,
				3FFFEA261CC64F310078655A /* 4.jpg in Resources */,
				30B3E4171CCF4A28002FF124 /* 333.jpg in Resources */,
				3F1035A21CCB893A0084532C /* XRCollectionViewCell.xib in Resources */,
				3FFFEA231CC64F310078655A /* 1.jpg in Resources */,
				3FFFEA241CC64F310078655A /* 2.jpg in Resources */,
				3FFFEA251CC64F310078655A /* 3.jpg in Resources */,
				3F1035A51CCB89480084532C /* 1.plist in Resources */,
				C4EE70911CCDC75F00819E46 /* 2.4意见反馈_03(1).png in Resources */,
				304BD81B1CC20F9600385489 /* Assets.xcassets in Resources */,
				304BD8161CC20F9600385489 /* Main.storyboard in Resources */,
			);
			runOnlyForDeploymentPostprocessing = 0;
		};
		304BD8221CC20F9600385489 /* Resources */ = {
			isa = PBXResourcesBuildPhase;
			buildActionMask = 2147483647;
			files = (
			);
			runOnlyForDeploymentPostprocessing = 0;
		};
		304BD82D1CC20F9600385489 /* Resources */ = {
			isa = PBXResourcesBuildPhase;
			buildActionMask = 2147483647;
			files = (
			);
			runOnlyForDeploymentPostprocessing = 0;
		};
/* End PBXResourcesBuildPhase section */

/* Begin PBXShellScriptBuildPhase section */
		3B145737D5477C95F533BEDE /* Check Pods Manifest.lock */ = {
			isa = PBXShellScriptBuildPhase;
			buildActionMask = 2147483647;
			files = (
			);
			inputPaths = (
			);
			name = "Check Pods Manifest.lock";
			outputPaths = (
			);
			runOnlyForDeploymentPostprocessing = 0;
			shellPath = /bin/sh;
			shellScript = "diff \"${PODS_ROOT}/../Podfile.lock\" \"${PODS_ROOT}/Manifest.lock\" > /dev/null\nif [[ $? != 0 ]] ; then\n    cat << EOM\nerror: The sandbox is not in sync with the Podfile.lock. Run 'pod install' or update your CocoaPods installation.\nEOM\n    exit 1\nfi\n";
			showEnvVarsInLog = 0;
		};
		E45C6A6483BC8486FDC94160 /* Embed Pods Frameworks */ = {
			isa = PBXShellScriptBuildPhase;
			buildActionMask = 2147483647;
			files = (
			);
			inputPaths = (
			);
			name = "Embed Pods Frameworks";
			outputPaths = (
			);
			runOnlyForDeploymentPostprocessing = 0;
			shellPath = /bin/sh;
			shellScript = "\"${SRCROOT}/Pods/Target Support Files/Pods/Pods-frameworks.sh\"\n";
			showEnvVarsInLog = 0;
		};
		FB8D025167471F5C7A69D132 /* Copy Pods Resources */ = {
			isa = PBXShellScriptBuildPhase;
			buildActionMask = 2147483647;
			files = (
			);
			inputPaths = (
			);
			name = "Copy Pods Resources";
			outputPaths = (
			);
			runOnlyForDeploymentPostprocessing = 0;
			shellPath = /bin/sh;
			shellScript = "\"${SRCROOT}/Pods/Target Support Files/Pods/Pods-resources.sh\"\n";
			showEnvVarsInLog = 0;
		};
/* End PBXShellScriptBuildPhase section */

/* Begin PBXSourcesBuildPhase section */
		304BD8041CC20F9600385489 /* Sources */ = {
			isa = PBXSourcesBuildPhase;
			buildActionMask = 2147483647;
			files = (
				A9F967011CC23ABD00A8593A /* SignInViewController.m in Sources */,
				C47AFFD41CCB645E003BB32B /* ReMenTableViewCell.m in Sources */,
				C4EE708A1CCDC3A000819E46 /* UserFeedBackViewController.m in Sources */,
				3F44A9021CC37F4200A6A5AB /* LeftViewController.m in Sources */,
				3FFFEA1D1CC64F190078655A /* KSGuideManager.m in Sources */,
				304BD85D1CC2236F00385489 /* Utilities.m in Sources */,
				C4EE70881CCDC3A000819E46 /* PhotoCollectionViewCell.m in Sources */,
				3F1F02901CCA03C7003C52FE /* ShopXQViewController.m in Sources */,
				C4EE70921CCDC75F00819E46 /* AboutUsViewController.m in Sources */,
				C47AFFD71CCB7235003BB32B /* ReMenCSViewController.m in Sources */,
				C4EE70891CCDC3A000819E46 /* PlaceholderTextView.m in Sources */,
				3F1035A11CCB893A0084532C /* XRCollectionViewCell.m in Sources */,
				301B43761CC4AE4300516B76 /* SecondTableViewCell.m in Sources */,
				304BD8641CC25E7B00385489 /* TabViewController.m in Sources */,
				C47AFFD11CCB6423003BB32B /* ReMenViewController.m in Sources */,
				3080EBDC1CC61942007A81F8 /* KuanShiTableViewCell.m in Sources */,
				3080EBD61CC5DA36007A81F8 /* ChineseToPinyin.m in Sources */,
				304BD8101CC20F9600385489 /* AppDelegate.m in Sources */,
				304BD80D1CC20F9600385489 /* main.m in Sources */,
				3080EBDF1CC62CCB007A81F8 /* CanShuViewController.m in Sources */,
				304BD8191CC20F9600385489 /* EZCar.xcdatamodeld in Sources */,
				3F1035A31CCB893A0084532C /* XRImage.m in Sources */,
				300B15231CC39FB0000793FE /* FirstViewController.m in Sources */,
				30D8463A1CCCB8B700003F37 /* PKViewController.m in Sources */,
				302166A41CC49CCD002AB087 /* SecondViewController.m in Sources */,
				C4EE708D1CCDC52D00819E46 /* FKViewController.m in Sources */,
				B2F00E641CCF19ED00F2BA28 /* SouSuoViewController.m in Sources */,
				3FCC47271CCE09B400A88726 /* ShopCSViewController.m in Sources */,
				301B43791CC4C59000516B76 /* XingHaoViewController.m in Sources */,
				30B230641CDC491B006545B9 /* ShouCangViewController.m in Sources */,
				3080EBD31CC5D0C9007A81F8 /* XingHaoTableViewCell.m in Sources */,
				A9F967041CC24FA600A8593A /* SignUpViewController.m in Sources */,
				3F1F02931CCA0E17003C52FE /* ShopXQTableViewCell.m in Sources */,
				3F7A81D91CC4E0CD00ABA3E1 /* FirstTableViewCell.m in Sources */,
				3F1035A81CCB899C0084532C /* ImageViewController.m in Sources */,
				3080EBD91CC60B69007A81F8 /* KuanShiViewController.m in Sources */,
				3F10359B1CCB89180084532C /* XRWaterfallLayout.m in Sources */,
				30D8463D1CCCB8D000003F37 /* PKTableViewCell.m in Sources */,
				304BD85C1CC2236F00385489 /* StorageMgr.m in Sources */,
			);
			runOnlyForDeploymentPostprocessing = 0;
		};
		304BD8201CC20F9600385489 /* Sources */ = {
			isa = PBXSourcesBuildPhase;
			buildActionMask = 2147483647;
			files = (
				304BD8291CC20F9600385489 /* EZCarTests.m in Sources */,
			);
			runOnlyForDeploymentPostprocessing = 0;
		};
		304BD82B1CC20F9600385489 /* Sources */ = {
			isa = PBXSourcesBuildPhase;
			buildActionMask = 2147483647;
			files = (
				304BD8341CC20F9600385489 /* EZCarUITests.m in Sources */,
			);
			runOnlyForDeploymentPostprocessing = 0;
		};
/* End PBXSourcesBuildPhase section */

/* Begin PBXTargetDependency section */
		304BD8261CC20F9600385489 /* PBXTargetDependency */ = {
			isa = PBXTargetDependency;
			target = 304BD8071CC20F9600385489 /* EZCar */;
			targetProxy = 304BD8251CC20F9600385489 /* PBXContainerItemProxy */;
		};
		304BD8311CC20F9600385489 /* PBXTargetDependency */ = {
			isa = PBXTargetDependency;
			target = 304BD8071CC20F9600385489 /* EZCar */;
			targetProxy = 304BD8301CC20F9600385489 /* PBXContainerItemProxy */;
		};
/* End PBXTargetDependency section */

/* Begin PBXVariantGroup section */
		304BD8141CC20F9600385489 /* Main.storyboard */ = {
			isa = PBXVariantGroup;
			children = (
				304BD8151CC20F9600385489 /* Base */,
			);
			name = Main.storyboard;
			sourceTree = "<group>";
		};
		304BD81C1CC20F9600385489 /* LaunchScreen.storyboard */ = {
			isa = PBXVariantGroup;
			children = (
				304BD81D1CC20F9600385489 /* Base */,
			);
			name = LaunchScreen.storyboard;
			sourceTree = "<group>";
		};
/* End PBXVariantGroup section */

/* Begin XCBuildConfiguration section */
		304BD8361CC20F9600385489 /* Debug */ = {
			isa = XCBuildConfiguration;
			buildSettings = {
				ALWAYS_SEARCH_USER_PATHS = NO;
				CLANG_CXX_LANGUAGE_STANDARD = "gnu++0x";
				CLANG_CXX_LIBRARY = "libc++";
				CLANG_ENABLE_MODULES = YES;
				CLANG_ENABLE_OBJC_ARC = YES;
				CLANG_WARN_BOOL_CONVERSION = YES;
				CLANG_WARN_CONSTANT_CONVERSION = YES;
				CLANG_WARN_DIRECT_OBJC_ISA_USAGE = YES_ERROR;
				CLANG_WARN_EMPTY_BODY = YES;
				CLANG_WARN_ENUM_CONVERSION = YES;
				CLANG_WARN_INT_CONVERSION = YES;
				CLANG_WARN_OBJC_ROOT_CLASS = YES_ERROR;
				CLANG_WARN_UNREACHABLE_CODE = YES;
				CLANG_WARN__DUPLICATE_METHOD_MATCH = YES;
				"CODE_SIGN_IDENTITY[sdk=iphoneos*]" = "iPhone Developer";
				COPY_PHASE_STRIP = NO;
				DEBUG_INFORMATION_FORMAT = dwarf;
				ENABLE_STRICT_OBJC_MSGSEND = YES;
				ENABLE_TESTABILITY = YES;
				GCC_C_LANGUAGE_STANDARD = gnu99;
				GCC_DYNAMIC_NO_PIC = NO;
				GCC_NO_COMMON_BLOCKS = YES;
				GCC_OPTIMIZATION_LEVEL = 0;
				GCC_PREPROCESSOR_DEFINITIONS = (
					"DEBUG=1",
					"$(inherited)",
				);
				GCC_WARN_64_TO_32_BIT_CONVERSION = YES;
				GCC_WARN_ABOUT_RETURN_TYPE = YES_ERROR;
				GCC_WARN_UNDECLARED_SELECTOR = YES;
				GCC_WARN_UNINITIALIZED_AUTOS = YES_AGGRESSIVE;
				GCC_WARN_UNUSED_FUNCTION = YES;
				GCC_WARN_UNUSED_VARIABLE = YES;
				IPHONEOS_DEPLOYMENT_TARGET = 9.2;
				MTL_ENABLE_DEBUG_INFO = YES;
				ONLY_ACTIVE_ARCH = YES;
				SDKROOT = iphoneos;
				TARGETED_DEVICE_FAMILY = "1,2";
			};
			name = Debug;
		};
		304BD8371CC20F9600385489 /* Release */ = {
			isa = XCBuildConfiguration;
			buildSettings = {
				ALWAYS_SEARCH_USER_PATHS = NO;
				CLANG_CXX_LANGUAGE_STANDARD = "gnu++0x";
				CLANG_CXX_LIBRARY = "libc++";
				CLANG_ENABLE_MODULES = YES;
				CLANG_ENABLE_OBJC_ARC = YES;
				CLANG_WARN_BOOL_CONVERSION = YES;
				CLANG_WARN_CONSTANT_CONVERSION = YES;
				CLANG_WARN_DIRECT_OBJC_ISA_USAGE = YES_ERROR;
				CLANG_WARN_EMPTY_BODY = YES;
				CLANG_WARN_ENUM_CONVERSION = YES;
				CLANG_WARN_INT_CONVERSION = YES;
				CLANG_WARN_OBJC_ROOT_CLASS = YES_ERROR;
				CLANG_WARN_UNREACHABLE_CODE = YES;
				CLANG_WARN__DUPLICATE_METHOD_MATCH = YES;
				"CODE_SIGN_IDENTITY[sdk=iphoneos*]" = "iPhone Developer";
				COPY_PHASE_STRIP = NO;
				DEBUG_INFORMATION_FORMAT = "dwarf-with-dsym";
				ENABLE_NS_ASSERTIONS = NO;
				ENABLE_STRICT_OBJC_MSGSEND = YES;
				GCC_C_LANGUAGE_STANDARD = gnu99;
				GCC_NO_COMMON_BLOCKS = YES;
				GCC_WARN_64_TO_32_BIT_CONVERSION = YES;
				GCC_WARN_ABOUT_RETURN_TYPE = YES_ERROR;
				GCC_WARN_UNDECLARED_SELECTOR = YES;
				GCC_WARN_UNINITIALIZED_AUTOS = YES_AGGRESSIVE;
				GCC_WARN_UNUSED_FUNCTION = YES;
				GCC_WARN_UNUSED_VARIABLE = YES;
				IPHONEOS_DEPLOYMENT_TARGET = 9.2;
				MTL_ENABLE_DEBUG_INFO = NO;
				SDKROOT = iphoneos;
				TARGETED_DEVICE_FAMILY = "1,2";
				VALIDATE_PRODUCT = YES;
			};
			name = Release;
		};
		304BD8391CC20F9600385489 /* Debug */ = {
			isa = XCBuildConfiguration;
			baseConfigurationReference = 28129776EE044DFB77950430 /* Pods.debug.xcconfig */;
			buildSettings = {
				ASSETCATALOG_COMPILER_APPICON_NAME = AppIcon;
				FRAMEWORK_SEARCH_PATHS = (
					"$(inherited)",
					"$(PROJECT_DIR)",
				);
				GCC_PRECOMPILE_PREFIX_HEADER = YES;
				GCC_PREFIX_HEADER = EZCar/PrefixHeader.pch;
				INFOPLIST_FILE = EZCar/Info.plist;
				IPHONEOS_DEPLOYMENT_TARGET = 8.0;
				LD_RUNPATH_SEARCH_PATHS = "$(inherited) @executable_path/Frameworks";
				PRODUCT_BUNDLE_IDENTIFIER = EZ.EZCar;
				PRODUCT_NAME = "$(TARGET_NAME)";
			};
			name = Debug;
		};
		304BD83A1CC20F9600385489 /* Release */ = {
			isa = XCBuildConfiguration;
			baseConfigurationReference = 324CB3A1FA6F567D67D536EF /* Pods.release.xcconfig */;
			buildSettings = {
				ASSETCATALOG_COMPILER_APPICON_NAME = AppIcon;
				FRAMEWORK_SEARCH_PATHS = (
					"$(inherited)",
					"$(PROJECT_DIR)",
				);
				GCC_PRECOMPILE_PREFIX_HEADER = YES;
				GCC_PREFIX_HEADER = EZCar/PrefixHeader.pch;
				INFOPLIST_FILE = EZCar/Info.plist;
				IPHONEOS_DEPLOYMENT_TARGET = 8.0;
				LD_RUNPATH_SEARCH_PATHS = "$(inherited) @executable_path/Frameworks";
				PRODUCT_BUNDLE_IDENTIFIER = EZ.EZCar;
				PRODUCT_NAME = "$(TARGET_NAME)";
			};
			name = Release;
		};
		304BD83C1CC20F9600385489 /* Debug */ = {
			isa = XCBuildConfiguration;
			buildSettings = {
				BUNDLE_LOADER = "$(TEST_HOST)";
				INFOPLIST_FILE = EZCarTests/Info.plist;
				LD_RUNPATH_SEARCH_PATHS = "$(inherited) @executable_path/Frameworks @loader_path/Frameworks";
				PRODUCT_BUNDLE_IDENTIFIER = EZ.EZCarTests;
				PRODUCT_NAME = "$(TARGET_NAME)";
				TEST_HOST = "$(BUILT_PRODUCTS_DIR)/EZCar.app/EZCar";
			};
			name = Debug;
		};
		304BD83D1CC20F9600385489 /* Release */ = {
			isa = XCBuildConfiguration;
			buildSettings = {
				BUNDLE_LOADER = "$(TEST_HOST)";
				INFOPLIST_FILE = EZCarTests/Info.plist;
				LD_RUNPATH_SEARCH_PATHS = "$(inherited) @executable_path/Frameworks @loader_path/Frameworks";
				PRODUCT_BUNDLE_IDENTIFIER = EZ.EZCarTests;
				PRODUCT_NAME = "$(TARGET_NAME)";
				TEST_HOST = "$(BUILT_PRODUCTS_DIR)/EZCar.app/EZCar";
			};
			name = Release;
		};
		304BD83F1CC20F9600385489 /* Debug */ = {
			isa = XCBuildConfiguration;
			buildSettings = {
				INFOPLIST_FILE = EZCarUITests/Info.plist;
				LD_RUNPATH_SEARCH_PATHS = "$(inherited) @executable_path/Frameworks @loader_path/Frameworks";
				PRODUCT_BUNDLE_IDENTIFIER = EZ.EZCarUITests;
				PRODUCT_NAME = "$(TARGET_NAME)";
				TEST_TARGET_NAME = EZCar;
				USES_XCTRUNNER = YES;
			};
			name = Debug;
		};
		304BD8401CC20F9600385489 /* Release */ = {
			isa = XCBuildConfiguration;
			buildSettings = {
				INFOPLIST_FILE = EZCarUITests/Info.plist;
				LD_RUNPATH_SEARCH_PATHS = "$(inherited) @executable_path/Frameworks @loader_path/Frameworks";
				PRODUCT_BUNDLE_IDENTIFIER = EZ.EZCarUITests;
				PRODUCT_NAME = "$(TARGET_NAME)";
				TEST_TARGET_NAME = EZCar;
				USES_XCTRUNNER = YES;
			};
			name = Release;
		};
/* End XCBuildConfiguration section */

/* Begin XCConfigurationList section */
		304BD8031CC20F9600385489 /* Build configuration list for PBXProject "EZCar" */ = {
			isa = XCConfigurationList;
			buildConfigurations = (
				304BD8361CC20F9600385489 /* Debug */,
				304BD8371CC20F9600385489 /* Release */,
			);
			defaultConfigurationIsVisible = 0;
			defaultConfigurationName = Release;
		};
		304BD8381CC20F9600385489 /* Build configuration list for PBXNativeTarget "EZCar" */ = {
			isa = XCConfigurationList;
			buildConfigurations = (
				304BD8391CC20F9600385489 /* Debug */,
				304BD83A1CC20F9600385489 /* Release */,
			);
			defaultConfigurationIsVisible = 0;
			defaultConfigurationName = Release;
		};
		304BD83B1CC20F9600385489 /* Build configuration list for PBXNativeTarget "EZCarTests" */ = {
			isa = XCConfigurationList;
			buildConfigurations = (
				304BD83C1CC20F9600385489 /* Debug */,
				304BD83D1CC20F9600385489 /* Release */,
			);
			defaultConfigurationIsVisible = 0;
			defaultConfigurationName = Release;
		};
		304BD83E1CC20F9600385489 /* Build configuration list for PBXNativeTarget "EZCarUITests" */ = {
			isa = XCConfigurationList;
			buildConfigurations = (
				304BD83F1CC20F9600385489 /* Debug */,
				304BD8401CC20F9600385489 /* Release */,
			);
			defaultConfigurationIsVisible = 0;
			defaultConfigurationName = Release;
		};
/* End XCConfigurationList section */

/* Begin XCVersionGroup section */
		304BD8171CC20F9600385489 /* EZCar.xcdatamodeld */ = {
			isa = XCVersionGroup;
			children = (
				304BD8181CC20F9600385489 /* EZCar.xcdatamodel */,
			);
			currentVersion = 304BD8181CC20F9600385489 /* EZCar.xcdatamodel */;
			path = EZCar.xcdatamodeld;
			sourceTree = "<group>";
			versionGroupType = wrapper.xcdatamodel;
		};
/* End XCVersionGroup section */
	};
	rootObject = 304BD8001CC20F9600385489 /* Project object */;
}
